
Microsoft Visual Studio Solution File, Format Version 12.00
# Visual Studio Version 17
VisualStudioVersion = 17.2.32516.85
MinimumVisualStudioVersion = 10.0.40219.1
Project("{FAE04EC0-301F-11D3-BF4B-00C04F79EFBC}") = "Login", "Login\Login.csproj", "{0AF527DC-37E5-48E1-8702-5A21A8A7F067}"
EndProject
Global
	GlobalSection(SolutionConfigurationPlatforms) = preSolution
		Debug|Any CPU = Debug|Any CPU
		Release|Any CPU = Release|Any CPU
	EndGlobalSection
	GlobalSection(ProjectConfigurationPlatforms) = postSolution
		{0AF527DC-37E5-48E1-8702-5A21A8A7F067}.Debug|Any CPU.ActiveCfg = Debug|Any CPU
		{0AF527DC-37E5-48E1-8702-5A21A8A7F067}.Debug|Any CPU.Build.0 = Debug|Any CPU
		{0AF527DC-37E5-48E1-8702-5A21A8A7F067}.Release|Any CPU.ActiveCfg = Release|Any CPU
		{0AF527DC-37E5-48E1-8702-5A21A8A7F067}.Release|Any CPU.Build.0 = Release|Any CPU
	EndGlobalSection
	GlobalSection(SolutionProperties) = preSolution
		HideSolutionNode = FALSE
	EndGlobalSection
	GlobalSection(ExtensibilityGlobals) = postSolution
		SolutionGuid = {1F5A7E25-0002-4E20-812A-FB20C5005C50}
	EndGlobalSection
EndGlobal
